
Microsoft Visual Studio Solution File, Format Version 12.00
# Visual Studio 14
VisualStudioVersion = 14.0.25123.0
MinimumVisualStudioVersion = 10.0.40219.1
Project("{2150E333-8FDC-42A3-9474-1A3956D46DE8}") = "src", "src", "{2AC21F67-2BF5-4E37-A774-09D9CB3CC8AB}"
EndProject
Project("{2150E333-8FDC-42A3-9474-1A3956D46DE8}") = "Solution Items", "Solution Items", "{F7152F53-3820-49F4-AA9E-7D4BBA1341DB}"
	ProjectSection(SolutionItems) = preProject
		global.json = global.json
	EndProjectSection
EndProject
Project("{8BB2217D-0F2D-49D1-97BC-3654ED321F3B}") = "NanoFinWebApp", "src\NanoFinWebApp\NanoFinWebApp.xproj", "{D692DF55-0F77-4647-A410-456649D9AEC6}"
EndProject
Global
	GlobalSection(SolutionConfigurationPlatforms) = preSolution
		Debug|Any CPU = Debug|Any CPU
		Release|Any CPU = Release|Any CPU
	EndGlobalSection
	GlobalSection(ProjectConfigurationPlatforms) = postSolution
		{D692DF55-0F77-4647-A410-456649D9AEC6}.Debug|Any CPU.ActiveCfg = Debug|Any CPU
		{D692DF55-0F77-4647-A410-456649D9AEC6}.Debug|Any CPU.Build.0 = Debug|Any CPU
		{D692DF55-0F77-4647-A410-456649D9AEC6}.Release|Any CPU.ActiveCfg = Release|Any CPU
		{D692DF55-0F77-4647-A410-456649D9AEC6}.Release|Any CPU.Build.0 = Release|Any CPU
	EndGlobalSection
	GlobalSection(SolutionProperties) = preSolution
		HideSolutionNode = FALSE
	EndGlobalSection
	GlobalSection(NestedProjects) = preSolution
		{D692DF55-0F77-4647-A410-456649D9AEC6} = {2AC21F67-2BF5-4E37-A774-09D9CB3CC8AB}
	EndGlobalSection
EndGlobal
